version = 1
revision = 3
requires-python = ">=3.12"

[[package]]
name = "boto3"
version = "1.42.21"
source = { registry = "https://pypi.org/simple" }
dependencies = [
    { name = "botocore" },
    { name = "jmespath" },
    { name = "s3transfer" },
]
sdist = { url = "https://files.pythonhosted.org/packages/27/36/999f23a821567334ecdfaec31fad556f5569383006543be63fdd1e17193f/boto3-1.42.21.tar.gz", hash = "sha256:9b92943d253bc837323079fe88460e741cb2eb80abaebcb558b2446bdb4049d6", size = 112775, upload-time = "2026-01-03T00:59:03.241Z" }
wheels = [
    { url = "https://files.pythonhosted.org/packages/55/96/5df07f4f63ab9e72db86192590d7cef70cb911c6e725c1639d56d054f5cc/boto3-1.42.21-py3-none-any.whl", hash = "sha256:1885f252d715a5810bb4e0c5bbebfa8e9018b025febf5be3d58540626e7b43d2", size = 140573, upload-time = "2026-01-03T00:59:01.483Z" },
]

[[package]]
name = "botocore"
version = "1.42.21"
source = { registry = "https://pypi.org/simple" }
dependencies = [
    { name = "jmespath" },
    { name = "python-dateutil" },
    { name = "urllib3" },
]
sdist = { url = "https://files.pythonhosted.org/packages/4c/df/dfd07d75fda643ba07af75e33cfd72472a12bb13901812ca34e47f081507/botocore-1.42.21.tar.gz", hash = "sha256:db8f99d186156da42feb4fd2098017383d9b155097290cc53da7258f6e652c39", size = 14877471, upload-time = "2026-01-03T00:58:51.84Z" }
wheels = [
    { url = "https://files.pythonhosted.org/packages/6e/a1/78c50c437fdf17369adeae275445f40f51029888911923ace37523db4c02/botocore-1.42.21-py3-none-any.whl", hash = "sha256:6b59973a3ba8c3cfd5123f2656fef2339beee9f6483b8bc12bb00c5453ea2c6d", size = 14550712, upload-time = "2026-01-03T00:58:48.653Z" },
]

[[package]]
name = "demo"
version = "0.1.0"
source = { editable = "." }
dependencies = [
    { name = "boto3" },
]

[package.dev-dependencies]
dev = [
    { name = "ruff" },
    { name = "ty" },
]

[package.metadata]
requires-dist = [{ name = "boto3", specifier = ">=1.35.81" }]

[package.metadata.requires-dev]
dev = [
    { name = "ruff", specifier = ">=0.14.10" },
    { name = "ty", specifier = ">=0.0.9" },
]

[[package]]
name = "jmespath"
version = "1.0.1"
source = { registry = "https://pypi.org/simple" }
sdist = { url = "https://files.pythonhosted.org/packages/00/2a/e867e8531cf3e36b41201936b7fa7ba7b5702dbef42922193f05c8976cd6/jmespath-1.0.1.tar.gz", hash = "sha256:90261b206d6defd58fdd5e85f478bf633a2901798906be2ad389150c5c60edbe", size = 25843, upload-time = "2022-06-17T18:00:12.224Z" }
wheels = [
    { url = "https://files.pythonhosted.org/packages/31/b4/b9b800c45527aadd64d5b442f9b932b00648617eb5d63d2c7a6587b7cafc/jmespath-1.0.1-py3-none-any.whl", hash = "sha256:02e2e4cc71b5bcab88332eebf907519190dd9e6e82107fa7f83b1003a6252980", size = 20256, upload-time = "2022-06-17T18:00:10.251Z" },
]

[[package]]
name = "python-dateutil"
version = "2.9.0.post0"
source = { registry = "https://pypi.org/simple" }
dependencies = [
    { name = "six" },
]
sdist = { url = "https://files.pythonhosted.org/packages/66/c0/0c8b6ad9f17a802ee498c46e004a0eb49bc148f2fd230864601a86dcf6db/python-dateutil-2.9.0.post0.tar.gz", hash = "sha256:37dd54208da7e1cd875388217d5e00ebd4179249f90fb72437e91a35459a0ad3", size = 342432, upload-time = "2024-03-01T18:36:20.211Z" }
wheels = [
    { url = "https://files.pythonhosted.org/packages/ec/57/56b9bcc3c9c6a792fcbaf139543cee77261f3651ca9da0c93f5c1221264b/python_dateutil-2.9.0.post0-py2.py3-none-any.whl", hash = "sha256:a8b2bc7bffae282281c8140a97d3aa9c14da0b136dfe83f850eea9a5f7470427", size = 229892, upload-time = "2024-03-01T18:36:18.57Z" },
]

[[package]]
name = "ruff"
version = "0.14.13"
source = { registry = "https://pypi.org/simple" }
sdist = { url = "https://files.pythonhosted.org/packages/50/0a/1914efb7903174b381ee2ffeebb4253e729de57f114e63595114c8ca451f/ruff-0.14.13.tar.gz", hash = "sha256:83cd6c0763190784b99650a20fec7633c59f6ebe41c5cc9d45ee42749563ad47", size = 6059504, upload-time = "2026-01-15T20:15:16.918Z" }
wheels = [
    { url = "https://files.pythonhosted.org/packages/c3/ae/0deefbc65ca74b0ab1fd3917f94dc3b398233346a74b8bbb0a916a1a6bf6/ruff-0.14.13-py3-none-linux_armv6l.whl", hash = "sha256:76f62c62cd37c276cb03a275b198c7c15bd1d60c989f944db08a8c1c2dbec18b", size = 13062418, upload-time = "2026-01-15T20:14:50.779Z" },
    { url = "https://files.pythonhosted.org/packages/47/df/5916604faa530a97a3c154c62a81cb6b735c0cb05d1e26d5ad0f0c8ac48a/ruff-0.14.13-py3-none-macosx_10_12_x86_64.whl", hash = "sha256:914a8023ece0528d5cc33f5a684f5f38199bbb566a04815c2c211d8f40b5d0ed", size = 13442344, upload-time = "2026-01-15T20:15:07.94Z" },
    { url = "https://files.pythonhosted.org/packages/4c/f3/e0e694dd69163c3a1671e102aa574a50357536f18a33375050334d5cd517/ruff-0.14.13-py3-none-macosx_11_0_arm64.whl", hash = "sha256:d24899478c35ebfa730597a4a775d430ad0d5631b8647a3ab368c29b7e7bd063", size = 12354720, upload-time = "2026-01-15T20:15:09.854Z" },
    { url = "https://files.pythonhosted.org/packages/c3/e8/67f5fcbbaee25e8fc3b56cc33e9892eca7ffe09f773c8e5907757a7e3bdb/ruff-0.14.13-py3-none-manylinux_2_17_aarch64.manylinux2014_aarch64.whl", hash = "sha256:9aaf3870f14d925bbaf18b8a2347ee0ae7d95a2e490e4d4aea6813ed15ebc80e", size = 12774493, upload-time = "2026-01-15T20:15:20.908Z" },
    { url = "https://files.pythonhosted.org/packages/6b/ce/d2e9cb510870b52a9565d885c0d7668cc050e30fa2c8ac3fb1fda15c083d/ruff-0.14.13-py3-none-manylinux_2_17_armv7l.manylinux2014_armv7l.whl", hash = "sha256:ac5b7f63dd3b27cc811850f5ffd8fff845b00ad70e60b043aabf8d6ecc304e09", size = 12815174, upload-time = "2026-01-15T20:15:05.74Z" },
    { url = "https://files.pythonhosted.org/packages/88/00/c38e5da58beebcf4fa32d0ddd993b63dfacefd02ab7922614231330845bf/ruff-0.14.13-py3-none-manylinux_2_17_i686.manylinux2014_i686.whl", hash = "sha256:78d2b1097750d90ba82ce4ba676e85230a0ed694178ca5e61aa9b459970b3eb9", size = 13680909, upload-time = "2026-01-15T20:15:14.537Z" },
    { url = "https://files.pythonhosted.org/packages/61/61/cd37c9dd5bd0a3099ba79b2a5899ad417d8f3b04038810b0501a80814fd7/ruff-0.14.13-py3-none-manylinux_2_17_ppc64.manylinux2014_ppc64.whl", hash = "sha256:7d0bf87705acbbcb8d4c24b2d77fbb73d40210a95c3903b443cd9e30824a5032", size = 15144215, upload-time = "2026-01-15T20:15:22.886Z" },
    { url = "https://files.pythonhosted.org/packages/56/8a/85502d7edbf98c2df7b8876f316c0157359165e16cdf98507c65c8d07d3d/ruff-0.14.13-py3-none-manylinux_2_17_ppc64le.manylinux2014_ppc64le.whl", hash = "sha256:a3eb5da8e2c9e9f13431032fdcbe7681de9ceda5835efee3269417c13f1fed5c", size = 14706067, upload-time = "2026-01-15T20:14:48.271Z" },
    { url = "https://files.pythonhosted.org/packages/7e/2f/de0df127feb2ee8c1e54354dc1179b4a23798f0866019528c938ba439aca/ruff-0.14.13-py3-none-manylinux_2_17_s390x.manylinux2014_s390x.whl", hash = "sha256:642442b42957093811cd8d2140dfadd19c7417030a7a68cf8d51fcdd5f217427", size = 14133916, upload-time = "2026-01-15T20:14:57.357Z" },
    { url = "https://files.pythonhosted.org/packages/0d/77/9b99686bb9fe07a757c82f6f95e555c7a47801a9305576a9c67e0a31d280/ruff-0.14.13-py3-none-manylinux_2_17_x86_64.manylinux2014_x86_64.whl", hash = "sha256:4acdf009f32b46f6e8864af19cbf6841eaaed8638e65c8dac845aea0d703c841", size = 13859207, upload-time = "2026-01-15T20:14:55.111Z" },
    { url = "https://files.pythonhosted.org/packages/7d/46/2bdcb34a87a179a4d23022d818c1c236cb40e477faf0d7c9afb6813e5876/ruff-0.14.13-py3-none-manylinux_2_31_riscv64.whl", hash = "sha256:591a7f68860ea4e003917d19b5c4f5ac39ff558f162dc753a2c5de897fd5502c", size = 14043686, upload-time = "2026-01-15T20:14:52.841Z" },
    { url = "https://files.pythonhosted.org/packages/1a/a9/5c6a4f56a0512c691cf143371bcf60505ed0f0860f24a85da8bd123b2bf1/ruff-0.14.13-py3-none-musllinux_1_2_aarch64.whl", hash = "sha256:774c77e841cc6e046fc3e91623ce0903d1cd07e3a36b1a9fe79b81dab3de506b", size = 12663837, upload-time = "2026-01-15T20:15:18.921Z" },
    { url = "https://files.pythonhosted.org/packages/fe/bb/b920016ece7651fa7fcd335d9d199306665486694d4361547ccb19394c44/ruff-0.14.13-py3-none-musllinux_1_2_armv7l.whl", hash = "sha256:61f4e40077a1248436772bb6512db5fc4457fe4c49e7a94ea7c5088655dd21ae", size = 12805867, upload-time = "2026-01-15T20:14:59.272Z" },
    { url = "https://files.pythonhosted.org/packages/7d/b3/0bd909851e5696cd21e32a8fc25727e5f58f1934b3596975503e6e85415c/ruff-0.14.13-py3-none-musllinux_1_2_i686.whl", hash = "sha256:6d02f1428357fae9e98ac7aa94b7e966fd24151088510d32cf6f902d6c09235e", size = 13208528, upload-time = "2026-01-15T20:15:03.732Z" },
    { url = "https://files.pythonhosted.org/packages/3b/3b/e2d94cb613f6bbd5155a75cbe072813756363eba46a3f2177a1fcd0cd670/ruff-0.14.13-py3-none-musllinux_1_2_x86_64.whl", hash = "sha256:e399341472ce15237be0c0ae5fbceca4b04cd9bebab1a2b2c979e015455d8f0c", size = 13929242, upload-time = "2026-01-15T20:15:11.918Z" },
    { url = "https://files.pythonhosted.org/packages/6a/c5/abd840d4132fd51a12f594934af5eba1d5d27298a6f5b5d6c3be45301caf/ruff-0.14.13-py3-none-win32.whl", hash = "sha256:ef720f529aec113968b45dfdb838ac8934e519711da53a0456038a0efecbd680", size = 12919024, upload-time = "2026-01-15T20:14:43.647Z" },
    { url = "https://files.pythonhosted.org/packages/c2/55/6384b0b8ce731b6e2ade2b5449bf07c0e4c31e8a2e68ea65b3bafadcecc5/ruff-0.14.13-py3-none-win_amd64.whl", hash = "sha256:6070bd026e409734b9257e03e3ef18c6e1a216f0435c6751d7a8ec69cb59abef", size = 14097887, upload-time = "2026-01-15T20:15:01.48Z" },
    { url = "https://files.pythonhosted.org/packages/4d/e1/7348090988095e4e39560cfc2f7555b1b2a7357deba19167b600fdf5215d/ruff-0.14.13-py3-none-win_arm64.whl", hash = "sha256:7ab819e14f1ad9fe39f246cfcc435880ef7a9390d81a2b6ac7e01039083dd247", size = 13080224, upload-time = "2026-01-15T20:14:45.853Z" },
]

[[package]]
name = "s3transfer"
version = "0.16.0"
source = { registry = "https://pypi.org/simple" }
dependencies = [
    { name = "botocore" },
]
sdist = { url = "https://files.pythonhosted.org/packages/05/04/74127fc843314818edfa81b5540e26dd537353b123a4edc563109d8f17dd/s3transfer-0.16.0.tar.gz", hash = "sha256:8e990f13268025792229cd52fa10cb7163744bf56e719e0b9cb925ab79abf920", size = 153827, upload-time = "2025-12-01T02:30:59.114Z" }
wheels = [
    { url = "https://files.pythonhosted.org/packages/fc/51/727abb13f44c1fcf6d145979e1535a35794db0f6e450a0cb46aa24732fe2/s3transfer-0.16.0-py3-none-any.whl", hash = "sha256:18e25d66fed509e3868dc1572b3f427ff947dd2c56f844a5bf09481ad3f3b2fe", size = 86830, upload-time = "2025-12-01T02:30:57.729Z" },
]

[[package]]
name = "six"
version = "1.17.0"
source = { registry = "https://pypi.org/simple" }
sdist = { url = "https://files.pythonhosted.org/packages/94/e7/b2c673351809dca68a0e064b6af791aa332cf192da575fd474ed7d6f16a2/six-1.17.0.tar.gz", hash = "sha256:ff70335d468e7eb6ec65b95b99d3a2836546063f63acc5171de367e834932a81", size = 34031, upload-time = "2024-12-04T17:35:28.174Z" }
wheels = [
    { url = "https://files.pythonhosted.org/packages/b7/ce/149a00dd41f10bc29e5921b496af8b574d8413afcd5e30dfa0ed46c2cc5e/six-1.17.0-py2.py3-none-any.whl", hash = "sha256:4721f391ed90541fddacab5acf947aa0d3dc7d27b2e1e8eda2be8970586c3274", size = 11050, upload-time = "2024-12-04T17:35:26.475Z" },
]

[[package]]
name = "ty"
version = "0.0.9"
source = { registry = "https://pypi.org/simple" }
sdist = { url = "https://files.pythonhosted.org/packages/19/7b/4f677c622d58563c593c32081f8a8572afd90e43dc15b0dedd27b4305038/ty-0.0.9.tar.gz", hash = "sha256:83f980c46df17586953ab3060542915827b43c4748a59eea04190c59162957fe", size = 4858642, upload-time = "2026-01-05T12:24:56.528Z" }
wheels = [
    { url = "https://files.pythonhosted.org/packages/3f/3f/c1ee119738b401a8081ff84341781122296b66982e5982e6f162d946a1ff/ty-0.0.9-py3-none-linux_armv6l.whl", hash = "sha256:dd270d4dd6ebeb0abb37aee96cbf9618610723677f500fec1ba58f35bfa8337d", size = 9763596, upload-time = "2026-01-05T12:24:37.43Z" },
    { url = "https://files.pythonhosted.org/packages/63/41/6b0669ef4cd806d4bd5c30263e6b732a362278abac1bc3a363a316cde896/ty-0.0.9-py3-none-macosx_10_12_x86_64.whl", hash = "sha256:debfb2ba418b00e86ffd5403cb666b3f04e16853f070439517dd1eaaeeff9255", size = 9591514, upload-time = "2026-01-05T12:24:26.891Z" },
    { url = "https://files.pythonhosted.org/packages/02/a1/874aa756aee5118e690340a771fb9ded0d0c2168c0b7cc7d9561c2a750b0/ty-0.0.9-py3-none-macosx_11_0_arm64.whl", hash = "sha256:107c76ebb05a13cdb669172956421f7ffd289ad98f36d42a44a465588d434d58", size = 9097773, upload-time = "2026-01-05T12:24:14.442Z" },
    { url = "https://files.pythonhosted.org/packages/32/62/cb9a460cf03baab77b3361d13106b93b40c98e274d07c55f333ce3c716f6/ty-0.0.9-py3-none-manylinux_2_17_aarch64.manylinux2014_aarch64.whl", hash = "sha256:6868ca5c87ca0caa1b3cb84603c767356242b0659b88307eda69b2fb0bfa416b", size = 9581824, upload-time = "2026-01-05T12:24:35.074Z" },
    { url = "https://files.pythonhosted.org/packages/5a/97/633ecb348c75c954f09f8913669de8c440b13b43ea7d214503f3f1c4bb60/ty-0.0.9-py3-none-manylinux_2_17_armv7l.manylinux2014_armv7l.whl", hash = "sha256:d14a4aa0eb5c1d3591c2adbdda4e44429a6bb5d2e298a704398bb2a7ccdafdfe", size = 9591050, upload-time = "2026-01-05T12:24:08.804Z" },
    { url = "https://files.pythonhosted.org/packages/6f/e6/4b0c6a7a8a234e2113f88c80cc7aaa9af5868de7a693859f3c49da981934/ty-0.0.9-py3-none-manylinux_2_17_i686.manylinux2014_i686.whl", hash = "sha256:01bd4466504cefa36b465c6608e9af4504415fa67f6affc01c7d6ce36663c7f4", size = 10018262, upload-time = "2026-01-05T12:24:53.791Z" },
    { url = "https://files.pythonhosted.org/packages/cb/97/076d72a028f6b31e0b87287aa27c5b71a2f9927ee525260ea9f2f56828b8/ty-0.0.9-py3-none-manylinux_2_17_ppc64.manylinux2014_ppc64.whl", hash = "sha256:76c8253d1b30bc2c3eaa1b1411a1c34423decde0f4de0277aa6a5ceacfea93d9", size = 10911642, upload-time = "2026-01-05T12:24:48.264Z" },
    { url = "https://files.pythonhosted.org/packages/3f/5a/705d6a5ed07ea36b1f23592c3f0dbc8fc7649267bfbb3bf06464cdc9a98a/ty-0.0.9-py3-none-manylinux_2_17_ppc64le.manylinux2014_ppc64le.whl", hash = "sha256:8992fa4a9c6a5434eae4159fdd4842ec8726259bfd860e143ab95d078de6f8e3", size = 10632468, upload-time = "2026-01-05T12:24:24.118Z" },
    { url = "https://files.pythonhosted.org/packages/44/78/4339a254537488d62bf392a936b3ec047702c0cc33d6ce3a5d613f275cd0/ty-0.0.9-py3-none-manylinux_2_17_s390x.manylinux2014_s390x.whl", hash = "sha256:8c79d503d151acb4a145a3d98702d07cb641c47292f63e5ffa0151e4020a5d33", size = 10273422, upload-time = "2026-01-05T12:24:45.8Z" },
    { url = "https://files.pythonhosted.org/packages/90/40/e7f386e87c9abd3670dcee8311674d7e551baa23b2e4754e2405976e6c92/ty-0.0.9-py3-none-manylinux_2_17_x86_64.manylinux2014_x86_64.whl", hash = "sha256:b7a7ebf89ed276b564baa1f0dd9cd708e7b5aa89f19ce1b2f7d7132075abf93e", size = 10120289, upload-time = "2026-01-05T12:24:17.424Z" },
    { url = "https://files.pythonhosted.org/packages/f7/46/1027442596e725c50d0d1ab5179e9fa78a398ab412994b3006d0ee0899c7/ty-0.0.9-py3-none-musllinux_1_2_aarch64.whl", hash = "sha256:ae3866e50109d2400a886bb11d9ef607f23afc020b226af773615cf82ae61141", size = 9566657, upload-time = "2026-01-05T12:24:51.048Z" },
    { url = "https://files.pythonhosted.org/packages/56/be/df921cf1967226aa01690152002b370a7135c6cced81e86c12b86552cdc4/ty-0.0.9-py3-none-musllinux_1_2_armv7l.whl", hash = "sha256:185244a5eacfcd8f5e2d85b95e4276316772f1e586520a6cb24aa072ec1bac26", size = 9610334, upload-time = "2026-01-05T12:24:20.334Z" },
    { url = "https://files.pythonhosted.org/packages/ac/e8/f085268860232cc92ebe95415e5c8640f7f1797ac3a49ddd137c6222924d/ty-0.0.9-py3-none-musllinux_1_2_i686.whl", hash = "sha256:f834ff27d940edb24b2e86bbb3fb45ab9e07cf59ca8c5ac615095b2542786408", size = 9726701, upload-time = "2026-01-05T12:24:29.785Z" },
    { url = "https://files.pythonhosted.org/packages/42/b4/9394210c66041cd221442e38f68a596945103d9446ece505889ffa9b3da9/ty-0.0.9-py3-none-musllinux_1_2_x86_64.whl", hash = "sha256:773f4b3ba046de952d7c1ad3a2c09b24f3ed4bc8342ae3cbff62ebc14aa6d48c", size = 10227082, upload-time = "2026-01-05T12:24:40.132Z" },
    { url = "https://files.pythonhosted.org/packages/dc/9f/75951eb573b473d35dd9570546fc1319f7ca2d5b5c50a5825ba6ea6cb33a/ty-0.0.9-py3-none-win32.whl", hash = "sha256:1f20f67e373038ff20f36d5449e787c0430a072b92d5933c5b6e6fc79d3de4c8", size = 9176458, upload-time = "2026-01-05T12:24:32.559Z" },
    { url = "https://files.pythonhosted.org/packages/9b/80/b1cdf71ac874e72678161e25e2326a7d30bc3489cd3699561355a168e54f/ty-0.0.9-py3-none-win_amd64.whl", hash = "sha256:2c415f3bbb730f8de2e6e0b3c42eb3a91f1b5fbbcaaead2e113056c3b361c53c", size = 10040479, upload-time = "2026-01-05T12:24:42.697Z" },
    { url = "https://files.pythonhosted.org/packages/b5/8f/abc75c4bb774b12698629f02d0d12501b0a7dff9c31dc3bd6b6c6467e90a/ty-0.0.9-py3-none-win_arm64.whl", hash = "sha256:48e339d794542afeed710ea4f846ead865cc38cecc335a9c781804d02eaa2722", size = 9543127, upload-time = "2026-01-05T12:24:11.731Z" },
]

[[package]]
name = "urllib3"
version = "2.6.2"
source = { registry = "https://pypi.org/simple" }
sdist = { url = "https://files.pythonhosted.org/packages/1e/24/a2a2ed9addd907787d7aa0355ba36a6cadf1768b934c652ea78acbd59dcd/urllib3-2.6.2.tar.gz", hash = "sha256:016f9c98bb7e98085cb2b4b17b87d2c702975664e4f060c6532e64d1c1a5e797", size = 432930, upload-time = "2025-12-11T15:56:40.252Z" }
wheels = [
    { url = "https://files.pythonhosted.org/packages/6d/b9/4095b668ea3678bf6a0af005527f39de12fb026516fb3df17495a733b7f8/urllib3-2.6.2-py3-none-any.whl", hash = "sha256:ec21cddfe7724fc7cb4ba4bea7aa8e2ef36f607a4bab81aa6ce42a13dc3f03dd", size = 131182, upload-time = "2025-12-11T15:56:38.584Z" },
]
