version = 1
revision = 3
requires-python = ">=3.12"

[[package]]
name = "boto3"
version = "1.42.21"
source = { registry = "https://pypi.org/simple" }
dependencies = [
    { name = "botocore" },
    { name = "jmespath" },
    { name = "s3transfer" },
]
sdist = { url = "https://files.pythonhosted.org/packages/27/36/999f23a821567334ecdfaec31fad556f5569383006543be63fdd1e17193f/boto3-1.42.21.tar.gz", hash = "sha256:9b92943d253bc837323079fe88460e741cb2eb80abaebcb558b2446bdb4049d6", size = 112775, upload-time = "2026-01-03T00:59:03.241Z" }
wheels = [
    { url = "https://files.pythonhosted.org/packages/55/96/5df07f4f63ab9e72db86192590d7cef70cb911c6e725c1639d56d054f5cc/boto3-1.42.21-py3-none-any.whl", hash = "sha256:1885f252d715a5810bb4e0c5bbebfa8e9018b025febf5be3d58540626e7b43d2", size = 140573, upload-time = "2026-01-03T00:59:01.483Z" },
]

[[package]]
name = "botocore"
version = "1.42.21"
source = { registry = "https://pypi.org/simple" }
dependencies = [
    { name = "jmespath" },
    { name = "python-dateutil" },
    { name = "urllib3" },
]
sdist = { url = "https://files.pythonhosted.org/packages/4c/df/dfd07d75fda643ba07af75e33cfd72472a12bb13901812ca34e47f081507/botocore-1.42.21.tar.gz", hash = "sha256:db8f99d186156da42feb4fd2098017383d9b155097290cc53da7258f6e652c39", size = 14877471, upload-time = "2026-01-03T00:58:51.84Z" }
wheels = [
    { url = "https://files.pythonhosted.org/packages/6e/a1/78c50c437fdf17369adeae275445f40f51029888911923ace37523db4c02/botocore-1.42.21-py3-none-any.whl", hash = "sha256:6b59973a3ba8c3cfd5123f2656fef2339beee9f6483b8bc12bb00c5453ea2c6d", size = 14550712, upload-time = "2026-01-03T00:58:48.653Z" },
]

[[package]]
name = "demo"
version = "0.1.0"
source = { editable = "." }
dependencies = [
    { name = "boto3" },
]

[package.dev-dependencies]
dev = [
    { name = "ruff" },
    { name = "ty" },
]

[package.metadata]
requires-dist = [{ name = "boto3", specifier = ">=1.35.81" }]

[package.metadata.requires-dev]
dev = [
    { name = "ruff", specifier = ">=0.14.10" },
    { name = "ty", specifier = ">=0.0.9" },
]

[[package]]
name = "jmespath"
version = "1.0.1"
source = { registry = "https://pypi.org/simple" }
sdist = { url = "https://files.pythonhosted.org/packages/00/2a/e867e8531cf3e36b41201936b7fa7ba7b5702dbef42922193f05c8976cd6/jmespath-1.0.1.tar.gz", hash = "sha256:90261b206d6defd58fdd5e85f478bf633a2901798906be2ad389150c5c60edbe", size = 25843, upload-time = "2022-06-17T18:00:12.224Z" }
wheels = [
    { url = "https://files.pythonhosted.org/packages/31/b4/b9b800c45527aadd64d5b442f9b932b00648617eb5d63d2c7a6587b7cafc/jmespath-1.0.1-py3-none-any.whl", hash = "sha256:02e2e4cc71b5bcab88332eebf907519190dd9e6e82107fa7f83b1003a6252980", size = 20256, upload-time = "2022-06-17T18:00:10.251Z" },
]

[[package]]
name = "python-dateutil"
version = "2.9.0.post0"
source = { registry = "https://pypi.org/simple" }
dependencies = [
    { name = "six" },
]
sdist = { url = "https://files.pythonhosted.org/packages/66/c0/0c8b6ad9f17a802ee498c46e004a0eb49bc148f2fd230864601a86dcf6db/python-dateutil-2.9.0.post0.tar.gz", hash = "sha256:37dd54208da7e1cd875388217d5e00ebd4179249f90fb72437e91a35459a0ad3", size = 342432, upload-time = "2024-03-01T18:36:20.211Z" }
wheels = [
    { url = "https://files.pythonhosted.org/packages/ec/57/56b9bcc3c9c6a792fcbaf139543cee77261f3651ca9da0c93f5c1221264b/python_dateutil-2.9.0.post0-py2.py3-none-any.whl", hash = "sha256:a8b2bc7bffae282281c8140a97d3aa9c14da0b136dfe83f850eea9a5f7470427", size = 229892, upload-time = "2024-03-01T18:36:18.57Z" },
]

[[package]]
name = "ruff"
version = "0.15.0"
source = { registry = "https://pypi.org/simple" }
sdist = { url = "https://files.pythonhosted.org/packages/c8/39/5cee96809fbca590abea6b46c6d1c586b49663d1d2830a751cc8fc42c666/ruff-0.15.0.tar.gz", hash = "sha256:6bdea47cdbea30d40f8f8d7d69c0854ba7c15420ec75a26f463290949d7f7e9a", size = 4524893, upload-time = "2026-02-03T17:53:35.357Z" }
wheels = [
    { url = "https://files.pythonhosted.org/packages/bc/88/3fd1b0aa4b6330d6aaa63a285bc96c9f71970351579152d231ed90914586/ruff-0.15.0-py3-none-linux_armv6l.whl", hash = "sha256:aac4ebaa612a82b23d45964586f24ae9bc23ca101919f5590bdb368d74ad5455", size = 10354332, upload-time = "2026-02-03T17:52:54.892Z" },
    { url = "https://files.pythonhosted.org/packages/72/f6/62e173fbb7eb75cc29fe2576a1e20f0a46f671a2587b5f604bfb0eaf5f6f/ruff-0.15.0-py3-none-macosx_10_12_x86_64.whl", hash = "sha256:dcd4be7cc75cfbbca24a98d04d0b9b36a270d0833241f776b788d59f4142b14d", size = 10767189, upload-time = "2026-02-03T17:53:19.778Z" },
    { url = "https://files.pythonhosted.org/packages/99/e4/968ae17b676d1d2ff101d56dc69cf333e3a4c985e1ec23803df84fc7bf9e/ruff-0.15.0-py3-none-macosx_11_0_arm64.whl", hash = "sha256:d747e3319b2bce179c7c1eaad3d884dc0a199b5f4d5187620530adf9105268ce", size = 10075384, upload-time = "2026-02-03T17:53:29.241Z" },
    { url = "https://files.pythonhosted.org/packages/a2/bf/9843c6044ab9e20af879c751487e61333ca79a2c8c3058b15722386b8cae/ruff-0.15.0-py3-none-manylinux_2_17_aarch64.manylinux2014_aarch64.whl", hash = "sha256:650bd9c56ae03102c51a5e4b554d74d825ff3abe4db22b90fd32d816c2e90621", size = 10481363, upload-time = "2026-02-03T17:52:43.332Z" },
    { url = "https://files.pythonhosted.org/packages/55/d9/4ada5ccf4cd1f532db1c8d44b6f664f2208d3d93acbeec18f82315e15193/ruff-0.15.0-py3-none-manylinux_2_17_armv7l.manylinux2014_armv7l.whl", hash = "sha256:a6664b7eac559e3048223a2da77769c2f92b43a6dfd4720cef42654299a599c9", size = 10187736, upload-time = "2026-02-03T17:53:00.522Z" },
    { url = "https://files.pythonhosted.org/packages/86/e2/f25eaecd446af7bb132af0a1d5b135a62971a41f5366ff41d06d25e77a91/ruff-0.15.0-py3-none-manylinux_2_17_i686.manylinux2014_i686.whl", hash = "sha256:6f811f97b0f092b35320d1556f3353bf238763420ade5d9e62ebd2b73f2ff179", size = 10968415, upload-time = "2026-02-03T17:53:15.705Z" },
    { url = "https://files.pythonhosted.org/packages/e7/dc/f06a8558d06333bf79b497d29a50c3a673d9251214e0d7ec78f90b30aa79/ruff-0.15.0-py3-none-manylinux_2_17_ppc64le.manylinux2014_ppc64le.whl", hash = "sha256:761ec0a66680fab6454236635a39abaf14198818c8cdf691e036f4bc0f406b2d", size = 11809643, upload-time = "2026-02-03T17:53:23.031Z" },
    { url = "https://files.pythonhosted.org/packages/dd/45/0ece8db2c474ad7df13af3a6d50f76e22a09d078af63078f005057ca59eb/ruff-0.15.0-py3-none-manylinux_2_17_s390x.manylinux2014_s390x.whl", hash = "sha256:940f11c2604d317e797b289f4f9f3fa5555ffe4fb574b55ed006c3d9b6f0eb78", size = 11234787, upload-time = "2026-02-03T17:52:46.432Z" },
    { url = "https://files.pythonhosted.org/packages/8a/d9/0e3a81467a120fd265658d127db648e4d3acfe3e4f6f5d4ea79fac47e587/ruff-0.15.0-py3-none-manylinux_2_17_x86_64.manylinux2014_x86_64.whl", hash = "sha256:bcbca3d40558789126da91d7ef9a7c87772ee107033db7191edefa34e2c7f1b4", size = 11112797, upload-time = "2026-02-03T17:52:49.274Z" },
    { url = "https://files.pythonhosted.org/packages/b2/cb/8c0b3b0c692683f8ff31351dfb6241047fa873a4481a76df4335a8bff716/ruff-0.15.0-py3-none-manylinux_2_31_riscv64.whl", hash = "sha256:9a121a96db1d75fa3eb39c4539e607f628920dd72ff1f7c5ee4f1b768ac62d6e", size = 11033133, upload-time = "2026-02-03T17:53:33.105Z" },
    { url = "https://files.pythonhosted.org/packages/f8/5e/23b87370cf0f9081a8c89a753e69a4e8778805b8802ccfe175cc410e50b9/ruff-0.15.0-py3-none-musllinux_1_2_aarch64.whl", hash = "sha256:5298d518e493061f2eabd4abd067c7e4fb89e2f63291c94332e35631c07c3662", size = 10442646, upload-time = "2026-02-03T17:53:06.278Z" },
    { url = "https://files.pythonhosted.org/packages/e1/9a/3c94de5ce642830167e6d00b5c75aacd73e6347b4c7fc6828699b150a5ee/ruff-0.15.0-py3-none-musllinux_1_2_armv7l.whl", hash = "sha256:afb6e603d6375ff0d6b0cee563fa21ab570fd15e65c852cb24922cef25050cf1", size = 10195750, upload-time = "2026-02-03T17:53:26.084Z" },
    { url = "https://files.pythonhosted.org/packages/30/15/e396325080d600b436acc970848d69df9c13977942fb62bb8722d729bee8/ruff-0.15.0-py3-none-musllinux_1_2_i686.whl", hash = "sha256:77e515f6b15f828b94dc17d2b4ace334c9ddb7d9468c54b2f9ed2b9c1593ef16", size = 10676120, upload-time = "2026-02-03T17:53:09.363Z" },
    { url = "https://files.pythonhosted.org/packages/8d/c9/229a23d52a2983de1ad0fb0ee37d36e0257e6f28bfd6b498ee2c76361874/ruff-0.15.0-py3-none-musllinux_1_2_x86_64.whl", hash = "sha256:6f6e80850a01eb13b3e42ee0ebdf6e4497151b48c35051aab51c101266d187a3", size = 11201636, upload-time = "2026-02-03T17:52:57.281Z" },
    { url = "https://files.pythonhosted.org/packages/6f/b0/69adf22f4e24f3677208adb715c578266842e6e6a3cc77483f48dd999ede/ruff-0.15.0-py3-none-win32.whl", hash = "sha256:238a717ef803e501b6d51e0bdd0d2c6e8513fe9eec14002445134d3907cd46c3", size = 10465945, upload-time = "2026-02-03T17:53:12.591Z" },
    { url = "https://files.pythonhosted.org/packages/51/ad/f813b6e2c97e9b4598be25e94a9147b9af7e60523b0cb5d94d307c15229d/ruff-0.15.0-py3-none-win_amd64.whl", hash = "sha256:dd5e4d3301dc01de614da3cdffc33d4b1b96fb89e45721f1598e5532ccf78b18", size = 11564657, upload-time = "2026-02-03T17:52:51.893Z" },
    { url = "https://files.pythonhosted.org/packages/f6/b0/2d823f6e77ebe560f4e397d078487e8d52c1516b331e3521bc75db4272ca/ruff-0.15.0-py3-none-win_arm64.whl", hash = "sha256:c480d632cc0ca3f0727acac8b7d053542d9e114a462a145d0b00e7cd658c515a", size = 10865753, upload-time = "2026-02-03T17:53:03.014Z" },
]

[[package]]
name = "s3transfer"
version = "0.16.0"
source = { registry = "https://pypi.org/simple" }
dependencies = [
    { name = "botocore" },
]
sdist = { url = "https://files.pythonhosted.org/packages/05/04/74127fc843314818edfa81b5540e26dd537353b123a4edc563109d8f17dd/s3transfer-0.16.0.tar.gz", hash = "sha256:8e990f13268025792229cd52fa10cb7163744bf56e719e0b9cb925ab79abf920", size = 153827, upload-time = "2025-12-01T02:30:59.114Z" }
wheels = [
    { url = "https://files.pythonhosted.org/packages/fc/51/727abb13f44c1fcf6d145979e1535a35794db0f6e450a0cb46aa24732fe2/s3transfer-0.16.0-py3-none-any.whl", hash = "sha256:18e25d66fed509e3868dc1572b3f427ff947dd2c56f844a5bf09481ad3f3b2fe", size = 86830, upload-time = "2025-12-01T02:30:57.729Z" },
]

[[package]]
name = "six"
version = "1.17.0"
source = { registry = "https://pypi.org/simple" }
sdist = { url = "https://files.pythonhosted.org/packages/94/e7/b2c673351809dca68a0e064b6af791aa332cf192da575fd474ed7d6f16a2/six-1.17.0.tar.gz", hash = "sha256:ff70335d468e7eb6ec65b95b99d3a2836546063f63acc5171de367e834932a81", size = 34031, upload-time = "2024-12-04T17:35:28.174Z" }
wheels = [
    { url = "https://files.pythonhosted.org/packages/b7/ce/149a00dd41f10bc29e5921b496af8b574d8413afcd5e30dfa0ed46c2cc5e/six-1.17.0-py2.py3-none-any.whl", hash = "sha256:4721f391ed90541fddacab5acf947aa0d3dc7d27b2e1e8eda2be8970586c3274", size = 11050, upload-time = "2024-12-04T17:35:26.475Z" },
]

[[package]]
name = "ty"
version = "0.0.9"
source = { registry = "https://pypi.org/simple" }
sdist = { url = "https://files.pythonhosted.org/packages/19/7b/4f677c622d58563c593c32081f8a8572afd90e43dc15b0dedd27b4305038/ty-0.0.9.tar.gz", hash = "sha256:83f980c46df17586953ab3060542915827b43c4748a59eea04190c59162957fe", size = 4858642, upload-time = "2026-01-05T12:24:56.528Z" }
wheels = [
    { url = "https://files.pythonhosted.org/packages/3f/3f/c1ee119738b401a8081ff84341781122296b66982e5982e6f162d946a1ff/ty-0.0.9-py3-none-linux_armv6l.whl", hash = "sha256:dd270d4dd6ebeb0abb37aee96cbf9618610723677f500fec1ba58f35bfa8337d", size = 9763596, upload-time = "2026-01-05T12:24:37.43Z" },
    { url = "https://files.pythonhosted.org/packages/63/41/6b0669ef4cd806d4bd5c30263e6b732a362278abac1bc3a363a316cde896/ty-0.0.9-py3-none-macosx_10_12_x86_64.whl", hash = "sha256:debfb2ba418b00e86ffd5403cb666b3f04e16853f070439517dd1eaaeeff9255", size = 9591514, upload-time = "2026-01-05T12:24:26.891Z" },
    { url = "https://files.pythonhosted.org/packages/02/a1/874aa756aee5118e690340a771fb9ded0d0c2168c0b7cc7d9561c2a750b0/ty-0.0.9-py3-none-macosx_11_0_arm64.whl", hash = "sha256:107c76ebb05a13cdb669172956421f7ffd289ad98f36d42a44a465588d434d58", size = 9097773, upload-time = "2026-01-05T12:24:14.442Z" },
    { url = "https://files.pythonhosted.org/packages/32/62/cb9a460cf03baab77b3361d13106b93b40c98e274d07c55f333ce3c716f6/ty-0.0.9-py3-none-manylinux_2_17_aarch64.manylinux2014_aarch64.whl", hash = "sha256:6868ca5c87ca0caa1b3cb84603c767356242b0659b88307eda69b2fb0bfa416b", size = 9581824, upload-time = "2026-01-05T12:24:35.074Z" },
    { url = "https://files.pythonhosted.org/packages/5a/97/633ecb348c75c954f09f8913669de8c440b13b43ea7d214503f3f1c4bb60/ty-0.0.9-py3-none-manylinux_2_17_armv7l.manylinux2014_armv7l.whl", hash = "sha256:d14a4aa0eb5c1d3591c2adbdda4e44429a6bb5d2e298a704398bb2a7ccdafdfe", size = 9591050, upload-time = "2026-01-05T12:24:08.804Z" },
    { url = "https://files.pythonhosted.org/packages/6f/e6/4b0c6a7a8a234e2113f88c80cc7aaa9af5868de7a693859f3c49da981934/ty-0.0.9-py3-none-manylinux_2_17_i686.manylinux2014_i686.whl", hash = "sha256:01bd4466504cefa36b465c6608e9af4504415fa67f6affc01c7d6ce36663c7f4", size = 10018262, upload-time = "2026-01-05T12:24:53.791Z" },
    { url = "https://files.pythonhosted.org/packages/cb/97/076d72a028f6b31e0b87287aa27c5b71a2f9927ee525260ea9f2f56828b8/ty-0.0.9-py3-none-manylinux_2_17_ppc64.manylinux2014_ppc64.whl", hash = "sha256:76c8253d1b30bc2c3eaa1b1411a1c34423decde0f4de0277aa6a5ceacfea93d9", size = 10911642, upload-time = "2026-01-05T12:24:48.264Z" },
    { url = "https://files.pythonhosted.org/packages/3f/5a/705d6a5ed07ea36b1f23592c3f0dbc8fc7649267bfbb3bf06464cdc9a98a/ty-0.0.9-py3-none-manylinux_2_17_ppc64le.manylinux2014_ppc64le.whl", hash = "sha256:8992fa4a9c6a5434eae4159fdd4842ec8726259bfd860e143ab95d078de6f8e3", size = 10632468, upload-time = "2026-01-05T12:24:24.118Z" },
    { url = "https://files.pythonhosted.org/packages/44/78/4339a254537488d62bf392a936b3ec047702c0cc33d6ce3a5d613f275cd0/ty-0.0.9-py3-none-manylinux_2_17_s390x.manylinux2014_s390x.whl", hash = "sha256:8c79d503d151acb4a145a3d98702d07cb641c47292f63e5ffa0151e4020a5d33", size = 10273422, upload-time = "2026-01-05T12:24:45.8Z" },
    { url = "https://files.pythonhosted.org/packages/90/40/e7f386e87c9abd3670dcee8311674d7e551baa23b2e4754e2405976e6c92/ty-0.0.9-py3-none-manylinux_2_17_x86_64.manylinux2014_x86_64.whl", hash = "sha256:b7a7ebf89ed276b564baa1f0dd9cd708e7b5aa89f19ce1b2f7d7132075abf93e", size = 10120289, upload-time = "2026-01-05T12:24:17.424Z" },
    { url = "https://files.pythonhosted.org/packages/f7/46/1027442596e725c50d0d1ab5179e9fa78a398ab412994b3006d0ee0899c7/ty-0.0.9-py3-none-musllinux_1_2_aarch64.whl", hash = "sha256:ae3866e50109d2400a886bb11d9ef607f23afc020b226af773615cf82ae61141", size = 9566657, upload-time = "2026-01-05T12:24:51.048Z" },
    { url = "https://files.pythonhosted.org/packages/56/be/df921cf1967226aa01690152002b370a7135c6cced81e86c12b86552cdc4/ty-0.0.9-py3-none-musllinux_1_2_armv7l.whl", hash = "sha256:185244a5eacfcd8f5e2d85b95e4276316772f1e586520a6cb24aa072ec1bac26", size = 9610334, upload-time = "2026-01-05T12:24:20.334Z" },
    { url = "https://files.pythonhosted.org/packages/ac/e8/f085268860232cc92ebe95415e5c8640f7f1797ac3a49ddd137c6222924d/ty-0.0.9-py3-none-musllinux_1_2_i686.whl", hash = "sha256:f834ff27d940edb24b2e86bbb3fb45ab9e07cf59ca8c5ac615095b2542786408", size = 9726701, upload-time = "2026-01-05T12:24:29.785Z" },
    { url = "https://files.pythonhosted.org/packages/42/b4/9394210c66041cd221442e38f68a596945103d9446ece505889ffa9b3da9/ty-0.0.9-py3-none-musllinux_1_2_x86_64.whl", hash = "sha256:773f4b3ba046de952d7c1ad3a2c09b24f3ed4bc8342ae3cbff62ebc14aa6d48c", size = 10227082, upload-time = "2026-01-05T12:24:40.132Z" },
    { url = "https://files.pythonhosted.org/packages/dc/9f/75951eb573b473d35dd9570546fc1319f7ca2d5b5c50a5825ba6ea6cb33a/ty-0.0.9-py3-none-win32.whl", hash = "sha256:1f20f67e373038ff20f36d5449e787c0430a072b92d5933c5b6e6fc79d3de4c8", size = 9176458, upload-time = "2026-01-05T12:24:32.559Z" },
    { url = "https://files.pythonhosted.org/packages/9b/80/b1cdf71ac874e72678161e25e2326a7d30bc3489cd3699561355a168e54f/ty-0.0.9-py3-none-win_amd64.whl", hash = "sha256:2c415f3bbb730f8de2e6e0b3c42eb3a91f1b5fbbcaaead2e113056c3b361c53c", size = 10040479, upload-time = "2026-01-05T12:24:42.697Z" },
    { url = "https://files.pythonhosted.org/packages/b5/8f/abc75c4bb774b12698629f02d0d12501b0a7dff9c31dc3bd6b6c6467e90a/ty-0.0.9-py3-none-win_arm64.whl", hash = "sha256:48e339d794542afeed710ea4f846ead865cc38cecc335a9c781804d02eaa2722", size = 9543127, upload-time = "2026-01-05T12:24:11.731Z" },
]

[[package]]
name = "urllib3"
version = "2.6.2"
source = { registry = "https://pypi.org/simple" }
sdist = { url = "https://files.pythonhosted.org/packages/1e/24/a2a2ed9addd907787d7aa0355ba36a6cadf1768b934c652ea78acbd59dcd/urllib3-2.6.2.tar.gz", hash = "sha256:016f9c98bb7e98085cb2b4b17b87d2c702975664e4f060c6532e64d1c1a5e797", size = 432930, upload-time = "2025-12-11T15:56:40.252Z" }
wheels = [
    { url = "https://files.pythonhosted.org/packages/6d/b9/4095b668ea3678bf6a0af005527f39de12fb026516fb3df17495a733b7f8/urllib3-2.6.2-py3-none-any.whl", hash = "sha256:ec21cddfe7724fc7cb4ba4bea7aa8e2ef36f607a4bab81aa6ce42a13dc3f03dd", size = 131182, upload-time = "2025-12-11T15:56:38.584Z" },
]
